
Microsoft Visual Studio Solution File, Format Version 12.00
# Visual Studio Version 17
VisualStudioVersion = 17.8.34525.116
MinimumVisualStudioVersion = 10.0.40219.1
Project("{9A19103F-16F7-4668-BE54-9A1E7A4F7556}") = "Hazelnut", "src\Hazelnut\Hazelnut.csproj", "{5B1369C1-FB84-4699-BCA4-F748A04525EF}"
EndProject
Project("{FAE04EC0-301F-11D3-BF4B-00C04F79EFBC}") = "Hazelnut.Web", "src\Hazelnut.Web\Hazelnut.Web.csproj", "{EC31EDB0-BEE8-4160-8DC1-BACF2C8454AC}"
EndProject
Global
	GlobalSection(SolutionConfigurationPlatforms) = preSolution
		Debug|Any CPU = Debug|Any CPU
		Release|Any CPU = Release|Any CPU
	EndGlobalSection
	GlobalSection(ProjectConfigurationPlatforms) = postSolution
		{5B1369C1-FB84-4699-BCA4-F748A04525EF}.Debug|Any CPU.ActiveCfg = Debug|Any CPU
		{5B1369C1-FB84-4699-BCA4-F748A04525EF}.Debug|Any CPU.Build.0 = Debug|Any CPU
		{5B1369C1-FB84-4699-BCA4-F748A04525EF}.Release|Any CPU.ActiveCfg = Release|Any CPU
		{5B1369C1-FB84-4699-BCA4-F748A04525EF}.Release|Any CPU.Build.0 = Release|Any CPU
		{EC31EDB0-BEE8-4160-8DC1-BACF2C8454AC}.Debug|Any CPU.ActiveCfg = Debug|Any CPU
		{EC31EDB0-BEE8-4160-8DC1-BACF2C8454AC}.Debug|Any CPU.Build.0 = Debug|Any CPU
		{EC31EDB0-BEE8-4160-8DC1-BACF2C8454AC}.Release|Any CPU.ActiveCfg = Release|Any CPU
		{EC31EDB0-BEE8-4160-8DC1-BACF2C8454AC}.Release|Any CPU.Build.0 = Release|Any CPU
	EndGlobalSection
	GlobalSection(SolutionProperties) = preSolution
		HideSolutionNode = FALSE
	EndGlobalSection
	GlobalSection(ExtensibilityGlobals) = postSolution
		SolutionGuid = {B944E9EC-EA1D-4E21-926B-BC2E2801F492}
	EndGlobalSection
EndGlobal
